// !$*UTF8*$!
{
	archiveVersion = 1;
	classes = {
	};
	objectVersion = 46;
	objects = {

/* Begin PBXBuildFile section */
		C92C2B581C6FD68000275736 /* AppDelegate.swift in Sources */ = {isa = PBXBuildFile; fileRef = C92C2B571C6FD68000275736 /* AppDelegate.swift */; };
		C92C2B5A1C6FD68000275736 /* ViewController.swift in Sources */ = {isa = PBXBuildFile; fileRef = C92C2B591C6FD68000275736 /* ViewController.swift */; };
		C92C2B5D1C6FD68000275736 /* Main.storyboard in Resources */ = {isa = PBXBuildFile; fileRef = C92C2B5B1C6FD68000275736 /* Main.storyboard */; };
		C92C2B5F1C6FD68000275736 /* Assets.xcassets in Resources */ = {isa = PBXBuildFile; fileRef = C92C2B5E1C6FD68000275736 /* Assets.xcassets */; };
		C92C2B621C6FD68000275736 /* LaunchScreen.storyboard in Resources */ = {isa = PBXBuildFile; fileRef = C92C2B601C6FD68000275736 /* LaunchScreen.storyboard */; };
/* End PBXBuildFile section */

/* Begin PBXFileReference section */
		C92C2B541C6FD68000275736 /* retro_calculator.app */ = {isa = PBXFileReference; explicitFileType = wrapper.application; includeInIndex = 0; path = retro_calculator.app; sourceTree = BUILT_PRODUCTS_DIR; };
		C92C2B571C6FD68000275736 /* AppDelegate.swift */ = {isa = PBXFileReference; lastKnownFileType = sourcecode.swift; path = AppDelegate.swift; sourceTree = "<group>"; };
		C92C2B591C6FD68000275736 /* ViewController.swift */ = {isa = PBXFileReference; lastKnownFileType = sourcecode.swift; path = ViewController.swift; sourceTree = "<group>"; };
		C92C2B5C1C6FD68000275736 /* Base */ = {isa = PBXFileReference; lastKnownFileType = file.storyboard; name = Base; path = Base.lproj/Main.storyboard; sourceTree = "<group>"; };
		C92C2B5E1C6FD68000275736 /* Assets.xcassets */ = {isa = PBXFileReference; lastKnownFileType = folder.assetcatalog; path = Assets.xcassets; sourceTree = "<group>"; };
		C92C2B611C6FD68000275736 /* Base */ = {isa = PBXFileReference; lastKnownFileType = file.storyboard; name = Base; path = Base.lproj/LaunchScreen.storyboard; sourceTree = "<group>"; };
		C92C2B631C6FD68000275736 /* Info.plist */ = {isa = PBXFileReference; lastKnownFileType = text.plist.xml; path = Info.plist; sourceTree = "<group>"; };
/* End PBXFileReference section */

/* Begin PBXFrameworksBuildPhase section */
		C92C2B511C6FD68000275736 /* Frameworks */ = {
			isa = PBXFrameworksBuildPhase;
			buildActionMask = 2147483647;
			files = (
			);
			runOnlyForDeploymentPostprocessing = 0;
		};
/* End PBXFrameworksBuildPhase section */

/* Begin PBXGroup section */
		C92C2B4B1C6FD68000275736 = {
			isa = PBXGroup;
			children = (
				C92C2B561C6FD68000275736 /* retro_calculator */,
				C92C2B551C6FD68000275736 /* Products */,
			);
			sourceTree = "<group>";
		};
		C92C2B551C6FD68000275736 /* Products */ = {
			isa = PBXGroup;
			children = (
				C92C2B541C6FD68000275736 /* retro_calculator.app */,
			);
			name = Products;
			sourceTree = "<group>";
		};
		C92C2B561C6FD68000275736 /* retro_calculator */ = {
			isa = PBXGroup;
			children = (
				C92C2B571C6FD68000275736 /* AppDelegate.swift */,
				C92C2B591C6FD68000275736 /* ViewController.swift */,
				C92C2B5B1C6FD68000275736 /* Main.storyboard */,
				C92C2B5E1C6FD68000275736 /* Assets.xcassets */,
				C92C2B601C6FD68000275736 /* LaunchScreen.storyboard */,
				C92C2B631C6FD68000275736 /* Info.plist */,
			);
			path = retro_calculator;
			sourceTree = "<group>";
		};
/* End PBXGroup section */

/* Begin PBXNativeTarget section */
		C92C2B531C6FD68000275736 /* retro_calculator */ = {
			isa = PBXNativeTarget;
			buildConfigurationList = C92C2B661C6FD68000275736 /* Build configuration list for PBXNativeTarget "retro_calculator" */;
			buildPhases = (
				C92C2B501C6FD68000275736 /* Sources */,
				C92C2B511C6FD68000275736 /* Frameworks */,
				C92C2B521C6FD68000275736 /* Resources */,
			);
			buildRules = (
			);
			dependencies = (
			);
			name = retro_calculator;
			productName = retro_calculator;
			productReference = C92C2B541C6FD68000275736 /* retro_calculator.app */;
			productType = "com.apple.product-type.application";
		};
/* End PBXNativeTarget section */

/* Begin PBXProject section */
		C92C2B4C1C6FD68000275736 /* Project object */ = {
			isa = PBXProject;
			attributes = {
				LastSwiftUpdateCheck = 0720;
				LastUpgradeCheck = 0720;
				ORGANIZATIONNAME = Schmale;
				TargetAttributes = {
					C92C2B531C6FD68000275736 = {
						CreatedOnToolsVersion = 7.2;
					};
				};
			};
			buildConfigurationList = C92C2B4F1C6FD68000275736 /* Build configuration list for PBXProject "retro_calculator" */;
			compatibilityVersion = "Xcode 3.2";
			developmentRegion = English;
			hasScannedForEncodings = 0;
			knownRegions = (
				en,
				Base,
			);
			mainGroup = C92C2B4B1C6FD68000275736;
			productRefGroup = C92C2B551C6FD68000275736 /* Products */;
			projectDirPath = "";
			projectRoot = "";
			targets = (
				C92C2B531C6FD68000275736 /* retro_calculator */,
			);
		};
/* End PBXProject section */

/* Begin PBXResourcesBuildPhase section */
		C92C2B521C6FD68000275736 /* Resources */ = {
			isa = PBXResourcesBuildPhase;
			buildActionMask = 2147483647;
			files = (
				C92C2B621C6FD68000275736 /* LaunchScreen.storyboard in Resources */,
				C92C2B5F1C6FD68000275736 /* Assets.xcassets in Resources */,
				C92C2B5D1C6FD68000275736 /* Main.storyboard in Resources */,
			);
			runOnlyForDeploymentPostprocessing = 0;
		};
/* End PBXResourcesBuildPhase section */

/* Begin PBXSourcesBuildPhase section */
		C92C2B501C6FD68000275736 /* Sources */ = {
			isa = PBXSourcesBuildPhase;
			buildActionMask = 2147483647;
			files = (
				C92C2B5A1C6FD68000275736 /* ViewController.swift in Sources */,
				C92C2B581C6FD68000275736 /* AppDelegate.swift in Sources */,
			);
			runOnlyForDeploymentPostprocessing = 0;
		};
/* End PBXSourcesBuildPhase section */

/* Begin PBXVariantGroup section */
		C92C2B5B1C6FD68000275736 /* Main.storyboard */ = {
			isa = PBXVariantGroup;
			children = (
				C92C2B5C1C6FD68000275736 /* Base */,
			);
			name = Main.storyboard;
			sourceTree = "<group>";
		};
		C92C2B601C6FD68000275736 /* LaunchScreen.storyboard */ = {
			isa = PBXVariantGroup;
			children = (
				C92C2B611C6FD68000275736 /* Base */,
			);
			name = LaunchScreen.storyboard;
			sourceTree = "<group>";
		};
/* End PBXVariantGroup section */

/* Begin XCBuildConfiguration section */
		C92C2B641C6FD68000275736 /* Debug */ = {
			isa = XCBuildConfiguration;
			buildSettings = {
				ALWAYS_SEARCH_USER_PATHS = NO;
				CLANG_CXX_LANGUAGE_STANDARD = "gnu++0x";
				CLANG_CXX_LIBRARY = "libc++";
				CLANG_ENABLE_MODULES = YES;
				CLANG_ENABLE_OBJC_ARC = YES;
				CLANG_WARN_BOOL_CONVERSION = YES;
				CLANG_WARN_CONSTANT_CONVERSION = YES;
				CLANG_WARN_DIRECT_OBJC_ISA_USAGE = YES_ERROR;
				CLANG_WARN_EMPTY_BODY = YES;
				CLANG_WARN_ENUM_CONVERSION = YES;
				CLANG_WARN_INT_CONVERSION = YES;
				CLANG_WARN_OBJC_ROOT_CLASS = YES_ERROR;
				CLANG_WARN_UNREACHABLE_CODE = YES;
				CLANG_WARN__DUPLICATE_METHOD_MATCH = YES;
				"CODE_SIGN_IDENTITY[sdk=iphoneos*]" = "iPhone Developer";
				COPY_PHASE_STRIP = NO;
				DEBUG_INFORMATION_FORMAT = dwarf;
				ENABLE_STRICT_OBJC_MSGSEND = YES;
				ENABLE_TESTABILITY = YES;
				GCC_C_LANGUAGE_STANDARD = gnu99;
				GCC_DYNAMIC_NO_PIC = NO;
				GCC_NO_COMMON_BLOCKS = YES;
				GCC_OPTIMIZATION_LEVEL = 0;
				GCC_PREPROCESSOR_DEFINITIONS = (
					"DEBUG=1",
					"$(inherited)",
				);
				GCC_WARN_64_TO_32_BIT_CONVERSION = YES;
				GCC_WARN_ABOUT_RETURN_TYPE = YES_ERROR;
				GCC_WARN_UNDECLARED_SELECTOR = YES;
				GCC_WARN_UNINITIALIZED_AUTOS = YES_AGGRESSIVE;
				GCC_WARN_UNUSED_FUNCTION = YES;
				GCC_WARN_UNUSED_VARIABLE = YES;
				IPHONEOS_DEPLOYMENT_TARGET = 9.2;
				MTL_ENABLE_DEBUG_INFO = YES;
				ONLY_ACTIVE_ARCH = YES;
				SDKROOT = iphoneos;
				SWIFT_OPTIMIZATION_LEVEL = "-Onone";
				TARGETED_DEVICE_FAMILY = "1,2";
			};
			name = Debug;
		};
		C92C2B651C6FD68000275736 /* Release */ = {
			isa = XCBuildConfiguration;
			buildSettings = {
				ALWAYS_SEARCH_USER_PATHS = NO;
				CLANG_CXX_LANGUAGE_STANDARD = "gnu++0x";
				CLANG_CXX_LIBRARY = "libc++";
				CLANG_ENABLE_MODULES = YES;
				CLANG_ENABLE_OBJC_ARC = YES;
				CLANG_WARN_BOOL_CONVERSION = YES;
				CLANG_WARN_CONSTANT_CONVERSION = YES;
				CLANG_WARN_DIRECT_OBJC_ISA_USAGE = YES_ERROR;
				CLANG_WARN_EMPTY_BODY = YES;
				CLANG_WARN_ENUM_CONVERSION = YES;
				CLANG_WARN_INT_CONVERSION = YES;
				CLANG_WARN_OBJC_ROOT_CLASS = YES_ERROR;
				CLANG_WARN_UNREACHABLE_CODE = YES;
				CLANG_WARN__DUPLICATE_METHOD_MATCH = YES;
				"CODE_SIGN_IDENTITY[sdk=iphoneos*]" = "iPhone Developer";
				COPY_PHASE_STRIP = NO;
				DEBUG_INFORMATION_FORMAT = "dwarf-with-dsym";
				ENABLE_NS_ASSERTIONS = NO;
				ENABLE_STRICT_OBJC_MSGSEND = YES;
				GCC_C_LANGUAGE_STANDARD = gnu99;
				GCC_NO_COMMON_BLOCKS = YES;
				GCC_WARN_64_TO_32_BIT_CONVERSION = YES;
				GCC_WARN_ABOUT_RETURN_TYPE = YES_ERROR;
				GCC_WARN_UNDECLARED_SELECTOR = YES;
				GCC_WARN_UNINITIALIZED_AUTOS = YES_AGGRESSIVE;
				GCC_WARN_UNUSED_FUNCTION = YES;
				GCC_WARN_UNUSED_VARIABLE = YES;
				IPHONEOS_DEPLOYMENT_TARGET = 9.2;
				MTL_ENABLE_DEBUG_INFO = NO;
				SDKROOT = iphoneos;
				TARGETED_DEVICE_FAMILY = "1,2";
				VALIDATE_PRODUCT = YES;
			};
			name = Release;
		};
		C92C2B671C6FD68000275736 /* Debug */ = {
			isa = XCBuildConfiguration;
			buildSettings = {
				ASSETCATALOG_COMPILER_APPICON_NAME = AppIcon;
				INFOPLIST_FILE = retro_calculator/Info.plist;
				LD_RUNPATH_SEARCH_PATHS = "$(inherited) @executable_path/Frameworks";
				PRODUCT_BUNDLE_IDENTIFIER = "co.Schmale.retro-calculator";
				PRODUCT_NAME = "$(TARGET_NAME)";
			};
			name = Debug;
		};
		C92C2B681C6FD68000275736 /* Release */ = {
			isa = XCBuildConfiguration;
			buildSettings = {
				ASSETCATALOG_COMPILER_APPICON_NAME = AppIcon;
				INFOPLIST_FILE = retro_calculator/Info.plist;
				LD_RUNPATH_SEARCH_PATHS = "$(inherited) @executable_path/Frameworks";
				PRODUCT_BUNDLE_IDENTIFIER = "co.Schmale.retro-calculator";
				PRODUCT_NAME = "$(TARGET_NAME)";
			};
			name = Release;
		};
/* End XCBuildConfiguration section */

/* Begin XCConfigurationList section */
		C92C2B4F1C6FD68000275736 /* Build configuration list for PBXProject "retro_calculator" */ = {
			isa = XCConfigurationList;
			buildConfigurations = (
				C92C2B641C6FD68000275736 /* Debug */,
				C92C2B651C6FD68000275736 /* Release */,
			);
			defaultConfigurationIsVisible = 0;
			defaultConfigurationName = Release;
		};
		C92C2B661C6FD68000275736 /* Build configuration list for PBXNativeTarget "retro_calculator" */ = {
			isa = XCConfigurationList;
			buildConfigurations = (
				C92C2B671C6FD68000275736 /* Debug */,
				C92C2B681C6FD68000275736 /* Release */,
			);
			defaultConfigurationIsVisible = 0;
		};
/* End XCConfigurationList section */
	};
	rootObject = C92C2B4C1C6FD68000275736 /* Project object */;
}
